{
  "nodes": {
    "home-manager": {
      "inputs": {
        "nixpkgs": "nixpkgs"
      },
      "locked": {
        "lastModified": 1630428740,
        "narHash": "sha256-394yJxkFjvg47vB0jK5WHCitLDilyGjO3HpuZkAM2GA=",
        "owner": "nix-community",
        "repo": "home-manager",
        "rev": "21a2ff449620a9cb91802f9d1a9157b2ae8c6b39",
        "type": "github"
      },
      "original": {
        "owner": "nix-community",
        "repo": "home-manager",
        "type": "github"
      }
    },
    "nixos-hardware": {
      "locked": {
        "lastModified": 1630352240,
        "narHash": "sha256-rnIp3r33XRIigHinvGU4l88lhXwJNNw/WWZLgI3PpRs=",
        "owner": "frostbytten",
        "repo": "nixos-hardware",
        "rev": "91fdfb5c9493e3dcc3eef8f783898d0fa97c26dc",
        "type": "github"
      },
      "original": {
        "owner": "frostbytten",
        "ref": "master",
        "repo": "nixos-hardware",
        "type": "github"
      }
    },
    "nixpkgs": {
      "locked": {
        "lastModified": 1630458975,
        "narHash": "sha256-oF14AYZ6mB6i/vg0cuv5lI6l81hWxp6HOOPuW2e1gAo=",
        "owner": "NixOS",
        "repo": "nixpkgs",
        "rev": "d99cb5bd7d6e351815f2376871ba048fd1fc78cd",
        "type": "github"
      },
      "original": {
        "id": "nixpkgs",
        "type": "indirect"
      }
    },
    "nixpkgs-unstable": {
      "locked": {
        "lastModified": 1630248577,
        "narHash": "sha256-9d/yq96TTrnF7qjA6wPYk+rYjWAXwfUmwk3qewezSeg=",
        "owner": "nixos",
        "repo": "nixpkgs",
        "rev": "8d8a28b47b7c41aeb4ad01a2bd8b7d26986c3512",
        "type": "github"
      },
      "original": {
        "owner": "nixos",
        "ref": "nixos-unstable",
        "repo": "nixpkgs",
        "type": "github"
      }
    },
    "nixpkgs_2": {
      "locked": {
        "lastModified": 1630076329,
        "narHash": "sha256-mkxPL5pXZv8cfHgjSW0oWfZRGSSlGwXy/7KR+2Mgf3M=",
        "owner": "nixos",
        "repo": "nixpkgs",
        "rev": "74d017edb6717ad76d38edc02ad3210d4ad66b96",
        "type": "github"
      },
      "original": {
        "owner": "nixos",
        "ref": "nixos-21.05",
        "repo": "nixpkgs",
        "type": "github"
      }
    },
    "root": {
      "inputs": {
        "home-manager": "home-manager",
        "nixos-hardware": "nixos-hardware",
        "nixpkgs": "nixpkgs_2",
        "nixpkgs-unstable": "nixpkgs-unstable"
      }
    }
  },
  "root": "root",
  "version": 7
}
